
Microsoft Visual Studio Solution File, Format Version 12.00
# Visual Studio 15
VisualStudioVersion = 15.0.28307.902
MinimumVisualStudioVersion = 10.0.40219.1
Project("{FAE04EC0-301F-11D3-BF4B-00C04F79EFBC}") = "WindowsFormsApp", "WindowsFormsApp\WindowsFormsApp.csproj", "{1FAFFC8B-31BA-439F-81C5-74556495016B}"
EndProject
Global
	GlobalSection(SolutionConfigurationPlatforms) = preSolution
		Debug|Any CPU = Debug|Any CPU
		Release|Any CPU = Release|Any CPU
	EndGlobalSection
	GlobalSection(ProjectConfigurationPlatforms) = postSolution
		{1FAFFC8B-31BA-439F-81C5-74556495016B}.Debug|Any CPU.ActiveCfg = Debug|Any CPU
		{1FAFFC8B-31BA-439F-81C5-74556495016B}.Debug|Any CPU.Build.0 = Debug|Any CPU
		{1FAFFC8B-31BA-439F-81C5-74556495016B}.Release|Any CPU.ActiveCfg = Release|Any CPU
		{1FAFFC8B-31BA-439F-81C5-74556495016B}.Release|Any CPU.Build.0 = Release|Any CPU
	EndGlobalSection
	GlobalSection(SolutionProperties) = preSolution
		HideSolutionNode = FALSE
	EndGlobalSection
	GlobalSection(ExtensibilityGlobals) = postSolution
		SolutionGuid = {04D1F46D-911E-46DE-B557-61C6F27F4867}
	EndGlobalSection
EndGlobal
